
Microsoft Visual Studio Solution File, Format Version 12.00
# Visual Studio Version 16
VisualStudioVersion = 16.0.30523.141
MinimumVisualStudioVersion = 10.0.40219.1
Project("{FAE04EC0-301F-11D3-BF4B-00C04F79EFBC}") = "NicolasOsinagaFinal", "NicolasOsinagaFinal\NicolasOsinagaFinal.csproj", "{348F2E3A-8BE3-482C-B4DB-E00FE66D0AB6}"
EndProject
Global
	GlobalSection(SolutionConfigurationPlatforms) = preSolution
		Debug|Any CPU = Debug|Any CPU
		Release|Any CPU = Release|Any CPU
	EndGlobalSection
	GlobalSection(ProjectConfigurationPlatforms) = postSolution
		{348F2E3A-8BE3-482C-B4DB-E00FE66D0AB6}.Debug|Any CPU.ActiveCfg = Debug|Any CPU
		{348F2E3A-8BE3-482C-B4DB-E00FE66D0AB6}.Debug|Any CPU.Build.0 = Debug|Any CPU
		{348F2E3A-8BE3-482C-B4DB-E00FE66D0AB6}.Release|Any CPU.ActiveCfg = Release|Any CPU
		{348F2E3A-8BE3-482C-B4DB-E00FE66D0AB6}.Release|Any CPU.Build.0 = Release|Any CPU
	EndGlobalSection
	GlobalSection(SolutionProperties) = preSolution
		HideSolutionNode = FALSE
	EndGlobalSection
	GlobalSection(ExtensibilityGlobals) = postSolution
		SolutionGuid = {54C5B7CB-6650-4E07-B93B-B6CEEDAC8218}
	EndGlobalSection
EndGlobal
